
Microsoft Visual Studio Solution File, Format Version 12.00
# Visual Studio 2015
Project("{FAE04EC0-301F-11D3-BF4B-00C04F79EFBC}") = "Unity_http_communication_sample.CSharp", "Unity_http_communication_sample.CSharp.csproj", "{48EEB981-26AF-8D81-0139-1C1ACB0C4DDA}"
EndProject
Global
	GlobalSection(SolutionConfigurationPlatforms) = preSolution
		Debug|Any CPU = Debug|Any CPU
		Release|Any CPU = Release|Any CPU
	EndGlobalSection
	GlobalSection(ProjectConfigurationPlatforms) = postSolution
		{48EEB981-26AF-8D81-0139-1C1ACB0C4DDA}.Debug|Any CPU.ActiveCfg = Debug|Any CPU
		{48EEB981-26AF-8D81-0139-1C1ACB0C4DDA}.Debug|Any CPU.Build.0 = Debug|Any CPU
		{48EEB981-26AF-8D81-0139-1C1ACB0C4DDA}.Release|Any CPU.ActiveCfg = Release|Any CPU
		{48EEB981-26AF-8D81-0139-1C1ACB0C4DDA}.Release|Any CPU.Build.0 = Release|Any CPU
	EndGlobalSection
	GlobalSection(SolutionProperties) = preSolution
		HideSolutionNode = FALSE
	EndGlobalSection
EndGlobal
